
Microsoft Visual Studio Solution File, Format Version 12.00
# Visual Studio 15
VisualStudioVersion = 15.0.28010.2026
MinimumVisualStudioVersion = 10.0.40219.1
Project("{FAE04EC0-301F-11D3-BF4B-00C04F79EFBC}") = "GoertzelAlgorithm", "GoertzelAlgorithm\GoertzelAlgorithm.csproj", "{EA0EC5C2-4DCC-4A5A-9177-AF5E839BA50D}"
EndProject
Global
	GlobalSection(SolutionConfigurationPlatforms) = preSolution
		Debug|Any CPU = Debug|Any CPU
		Release|Any CPU = Release|Any CPU
	EndGlobalSection
	GlobalSection(ProjectConfigurationPlatforms) = postSolution
		{EA0EC5C2-4DCC-4A5A-9177-AF5E839BA50D}.Debug|Any CPU.ActiveCfg = Debug|Any CPU
		{EA0EC5C2-4DCC-4A5A-9177-AF5E839BA50D}.Debug|Any CPU.Build.0 = Debug|Any CPU
		{EA0EC5C2-4DCC-4A5A-9177-AF5E839BA50D}.Release|Any CPU.ActiveCfg = Release|Any CPU
		{EA0EC5C2-4DCC-4A5A-9177-AF5E839BA50D}.Release|Any CPU.Build.0 = Release|Any CPU
	EndGlobalSection
	GlobalSection(SolutionProperties) = preSolution
		HideSolutionNode = FALSE
	EndGlobalSection
	GlobalSection(ExtensibilityGlobals) = postSolution
		SolutionGuid = {4A975378-B2A0-4103-9702-4D15BE781579}
	EndGlobalSection
EndGlobal
